{
  "name": "design-systems",
  "version": "1.0.0",
  "lockfileVersion": 3,
  "requires": true,
  "packages": {
    "": {
      "name": "design-systems",
      "version": "1.0.0",
      "workspaces": [
        "systems/*"
      ]
    },
    "node_modules/@luffu/design-system": {
      "resolved": "systems/luffu",
      "link": true
    },
    "systems/luffu": {
      "name": "@luffu/design-system",
      "version": "1.0.0",
      "license": "ISC"
    }
  }
}
